// !$*UTF8*$!
{
	archiveVersion = 1;
	classes = {
	};
	objectVersion = 50;
	objects = {

/* Begin PBXBuildFile section */
		137963C3255BC01F0036D75F /* AppDelegate.m in Sources */ = {isa = PBXBuildFile; fileRef = 137963C2255BC01F0036D75F /* AppDelegate.m */; };
		137963C6255BC01F0036D75F /* SceneDelegate.m in Sources */ = {isa = PBXBuildFile; fileRef = 137963C5255BC01F0036D75F /* SceneDelegate.m */; };
		137963C9255BC01F0036D75F /* ViewController.m in Sources */ = {isa = PBXBuildFile; fileRef = 137963C8255BC01F0036D75F /* ViewController.m */; };
		137963CC255BC01F0036D75F /* Main.storyboard in Resources */ = {isa = PBXBuildFile; fileRef = 137963CA255BC01F0036D75F /* Main.storyboard */; };
		137963CE255BC0310036D75F /* Assets.xcassets in Resources */ = {isa = PBXBuildFile; fileRef = 137963CD255BC0310036D75F /* Assets.xcassets */; };
		137963D1255BC0310036D75F /* LaunchScreen.storyboard in Resources */ = {isa = PBXBuildFile; fileRef = 137963CF255BC0310036D75F /* LaunchScreen.storyboard */; };
		137963D4255BC0310036D75F /* main.m in Sources */ = {isa = PBXBuildFile; fileRef = 137963D3255BC0310036D75F /* main.m */; };
		137963DE255BC0310036D75F /* NotificationTests.m in Sources */ = {isa = PBXBuildFile; fileRef = 137963DD255BC0310036D75F /* NotificationTests.m */; };
		137963E9255BC0310036D75F /* NotificationUITests.m in Sources */ = {isa = PBXBuildFile; fileRef = 137963E8255BC0310036D75F /* NotificationUITests.m */; };
		137963F8255BC1D40036D75F /* NotificationCenter.m in Sources */ = {isa = PBXBuildFile; fileRef = 137963F7255BC1D40036D75F /* NotificationCenter.m */; };
/* End PBXBuildFile section */

/* Begin PBXContainerItemProxy section */
		137963DA255BC0310036D75F /* PBXContainerItemProxy */ = {
			isa = PBXContainerItemProxy;
			containerPortal = 137963B6255BC01F0036D75F /* Project object */;
			proxyType = 1;
			remoteGlobalIDString = 137963BD255BC01F0036D75F;
			remoteInfo = Notification;
		};
		137963E5255BC0310036D75F /* PBXContainerItemProxy */ = {
			isa = PBXContainerItemProxy;
			containerPortal = 137963B6255BC01F0036D75F /* Project object */;
			proxyType = 1;
			remoteGlobalIDString = 137963BD255BC01F0036D75F;
			remoteInfo = Notification;
		};
/* End PBXContainerItemProxy section */

/* Begin PBXFileReference section */
		137963BE255BC01F0036D75F /* Notification.app */ = {isa = PBXFileReference; explicitFileType = wrapper.application; includeInIndex = 0; path = Notification.app; sourceTree = BUILT_PRODUCTS_DIR; };
		137963C1255BC01F0036D75F /* AppDelegate.h */ = {isa = PBXFileReference; lastKnownFileType = sourcecode.c.h; path = AppDelegate.h; sourceTree = "<group>"; };
		137963C2255BC01F0036D75F /* AppDelegate.m */ = {isa = PBXFileReference; lastKnownFileType = sourcecode.c.objc; path = AppDelegate.m; sourceTree = "<group>"; };
		137963C4255BC01F0036D75F /* SceneDelegate.h */ = {isa = PBXFileReference; lastKnownFileType = sourcecode.c.h; path = SceneDelegate.h; sourceTree = "<group>"; };
		137963C5255BC01F0036D75F /* SceneDelegate.m */ = {isa = PBXFileReference; lastKnownFileType = sourcecode.c.objc; path = SceneDelegate.m; sourceTree = "<group>"; };
		137963C7255BC01F0036D75F /* ViewController.h */ = {isa = PBXFileReference; lastKnownFileType = sourcecode.c.h; path = ViewController.h; sourceTree = "<group>"; };
		137963C8255BC01F0036D75F /* ViewController.m */ = {isa = PBXFileReference; lastKnownFileType = sourcecode.c.objc; path = ViewController.m; sourceTree = "<group>"; };
		137963CB255BC01F0036D75F /* Base */ = {isa = PBXFileReference; lastKnownFileType = file.storyboard; name = Base; path = Base.lproj/Main.storyboard; sourceTree = "<group>"; };
		137963CD255BC0310036D75F /* Assets.xcassets */ = {isa = PBXFileReference; lastKnownFileType = folder.assetcatalog; path = Assets.xcassets; sourceTree = "<group>"; };
		137963D0255BC0310036D75F /* Base */ = {isa = PBXFileReference; lastKnownFileType = file.storyboard; name = Base; path = Base.lproj/LaunchScreen.storyboard; sourceTree = "<group>"; };
		137963D2255BC0310036D75F /* Info.plist */ = {isa = PBXFileReference; lastKnownFileType = text.plist.xml; path = Info.plist; sourceTree = "<group>"; };
		137963D3255BC0310036D75F /* main.m */ = {isa = PBXFileReference; lastKnownFileType = sourcecode.c.objc; path = main.m; sourceTree = "<group>"; };
		137963D9255BC0310036D75F /* NotificationTests.xctest */ = {isa = PBXFileReference; explicitFileType = wrapper.cfbundle; includeInIndex = 0; path = NotificationTests.xctest; sourceTree = BUILT_PRODUCTS_DIR; };
		137963DD255BC0310036D75F /* NotificationTests.m */ = {isa = PBXFileReference; lastKnownFileType = sourcecode.c.objc; path = NotificationTests.m; sourceTree = "<group>"; };
		137963DF255BC0310036D75F /* Info.plist */ = {isa = PBXFileReference; lastKnownFileType = text.plist.xml; path = Info.plist; sourceTree = "<group>"; };
		137963E4255BC0310036D75F /* NotificationUITests.xctest */ = {isa = PBXFileReference; explicitFileType = wrapper.cfbundle; includeInIndex = 0; path = NotificationUITests.xctest; sourceTree = BUILT_PRODUCTS_DIR; };
		137963E8255BC0310036D75F /* NotificationUITests.m */ = {isa = PBXFileReference; lastKnownFileType = sourcecode.c.objc; path = NotificationUITests.m; sourceTree = "<group>"; };
		137963EA255BC0310036D75F /* Info.plist */ = {isa = PBXFileReference; lastKnownFileType = text.plist.xml; path = Info.plist; sourceTree = "<group>"; };
		137963F6255BC1D40036D75F /* NotificationCenter.h */ = {isa = PBXFileReference; lastKnownFileType = sourcecode.c.h; path = NotificationCenter.h; sourceTree = "<group>"; };
		137963F7255BC1D40036D75F /* NotificationCenter.m */ = {isa = PBXFileReference; lastKnownFileType = sourcecode.c.objc; path = NotificationCenter.m; sourceTree = "<group>"; };
/* End PBXFileReference section */

/* Begin PBXFrameworksBuildPhase section */
		137963BB255BC01F0036D75F /* Frameworks */ = {
			isa = PBXFrameworksBuildPhase;
			buildActionMask = 2147483647;
			files = (
			);
			runOnlyForDeploymentPostprocessing = 0;
		};
		137963D6255BC0310036D75F /* Frameworks */ = {
			isa = PBXFrameworksBuildPhase;
			buildActionMask = 2147483647;
			files = (
			);
			runOnlyForDeploymentPostprocessing = 0;
		};
		137963E1255BC0310036D75F /* Frameworks */ = {
			isa = PBXFrameworksBuildPhase;
			buildActionMask = 2147483647;
			files = (
			);
			runOnlyForDeploymentPostprocessing = 0;
		};
/* End PBXFrameworksBuildPhase section */

/* Begin PBXGroup section */
		137963B5255BC01F0036D75F = {
			isa = PBXGroup;
			children = (
				137963C0255BC01F0036D75F /* Notification */,
				137963DC255BC0310036D75F /* NotificationTests */,
				137963E7255BC0310036D75F /* NotificationUITests */,
				137963BF255BC01F0036D75F /* Products */,
			);
			sourceTree = "<group>";
		};
		137963BF255BC01F0036D75F /* Products */ = {
			isa = PBXGroup;
			children = (
				137963BE255BC01F0036D75F /* Notification.app */,
				137963D9255BC0310036D75F /* NotificationTests.xctest */,
				137963E4255BC0310036D75F /* NotificationUITests.xctest */,
			);
			name = Products;
			sourceTree = "<group>";
		};
		137963C0255BC01F0036D75F /* Notification */ = {
			isa = PBXGroup;
			children = (
				137963C1255BC01F0036D75F /* AppDelegate.h */,
				137963C2255BC01F0036D75F /* AppDelegate.m */,
				137963C4255BC01F0036D75F /* SceneDelegate.h */,
				137963C5255BC01F0036D75F /* SceneDelegate.m */,
				137963C7255BC01F0036D75F /* ViewController.h */,
				137963C8255BC01F0036D75F /* ViewController.m */,
				137963F6255BC1D40036D75F /* NotificationCenter.h */,
				137963F7255BC1D40036D75F /* NotificationCenter.m */,
				137963CA255BC01F0036D75F /* Main.storyboard */,
				137963CD255BC0310036D75F /* Assets.xcassets */,
				137963CF255BC0310036D75F /* LaunchScreen.storyboard */,
				137963D2255BC0310036D75F /* Info.plist */,
				137963D3255BC0310036D75F /* main.m */,
			);
			path = Notification;
			sourceTree = "<group>";
		};
		137963DC255BC0310036D75F /* NotificationTests */ = {
			isa = PBXGroup;
			children = (
				137963DD255BC0310036D75F /* NotificationTests.m */,
				137963DF255BC0310036D75F /* Info.plist */,
			);
			path = NotificationTests;
			sourceTree = "<group>";
		};
		137963E7255BC0310036D75F /* NotificationUITests */ = {
			isa = PBXGroup;
			children = (
				137963E8255BC0310036D75F /* NotificationUITests.m */,
				137963EA255BC0310036D75F /* Info.plist */,
			);
			path = NotificationUITests;
			sourceTree = "<group>";
		};
/* End PBXGroup section */

/* Begin PBXNativeTarget section */
		137963BD255BC01F0036D75F /* Notification */ = {
			isa = PBXNativeTarget;
			buildConfigurationList = 137963ED255BC0310036D75F /* Build configuration list for PBXNativeTarget "Notification" */;
			buildPhases = (
				137963BA255BC01F0036D75F /* Sources */,
				137963BB255BC01F0036D75F /* Frameworks */,
				137963BC255BC01F0036D75F /* Resources */,
			);
			buildRules = (
			);
			dependencies = (
			);
			name = Notification;
			productName = Notification;
			productReference = 137963BE255BC01F0036D75F /* Notification.app */;
			productType = "com.apple.product-type.application";
		};
		137963D8255BC0310036D75F /* NotificationTests */ = {
			isa = PBXNativeTarget;
			buildConfigurationList = 137963F0255BC0310036D75F /* Build configuration list for PBXNativeTarget "NotificationTests" */;
			buildPhases = (
				137963D5255BC0310036D75F /* Sources */,
				137963D6255BC0310036D75F /* Frameworks */,
				137963D7255BC0310036D75F /* Resources */,
			);
			buildRules = (
			);
			dependencies = (
				137963DB255BC0310036D75F /* PBXTargetDependency */,
			);
			name = NotificationTests;
			productName = NotificationTests;
			productReference = 137963D9255BC0310036D75F /* NotificationTests.xctest */;
			productType = "com.apple.product-type.bundle.unit-test";
		};
		137963E3255BC0310036D75F /* NotificationUITests */ = {
			isa = PBXNativeTarget;
			buildConfigurationList = 137963F3255BC0310036D75F /* Build configuration list for PBXNativeTarget "NotificationUITests" */;
			buildPhases = (
				137963E0255BC0310036D75F /* Sources */,
				137963E1255BC0310036D75F /* Frameworks */,
				137963E2255BC0310036D75F /* Resources */,
			);
			buildRules = (
			);
			dependencies = (
				137963E6255BC0310036D75F /* PBXTargetDependency */,
			);
			name = NotificationUITests;
			productName = NotificationUITests;
			productReference = 137963E4255BC0310036D75F /* NotificationUITests.xctest */;
			productType = "com.apple.product-type.bundle.ui-testing";
		};
/* End PBXNativeTarget section */

/* Begin PBXProject section */
		137963B6255BC01F0036D75F /* Project object */ = {
			isa = PBXProject;
			attributes = {
				LastUpgradeCheck = 1160;
				ORGANIZATIONNAME = watermark;
				TargetAttributes = {
					137963BD255BC01F0036D75F = {
						CreatedOnToolsVersion = 11.6;
					};
					137963D8255BC0310036D75F = {
						CreatedOnToolsVersion = 11.6;
						TestTargetID = 137963BD255BC01F0036D75F;
					};
					137963E3255BC0310036D75F = {
						CreatedOnToolsVersion = 11.6;
						TestTargetID = 137963BD255BC01F0036D75F;
					};
				};
			};
			buildConfigurationList = 137963B9255BC01F0036D75F /* Build configuration list for PBXProject "Notification" */;
			compatibilityVersion = "Xcode 9.3";
			developmentRegion = en;
			hasScannedForEncodings = 0;
			knownRegions = (
				en,
				Base,
			);
			mainGroup = 137963B5255BC01F0036D75F;
			productRefGroup = 137963BF255BC01F0036D75F /* Products */;
			projectDirPath = "";
			projectRoot = "";
			targets = (
				137963BD255BC01F0036D75F /* Notification */,
				137963D8255BC0310036D75F /* NotificationTests */,
				137963E3255BC0310036D75F /* NotificationUITests */,
			);
		};
/* End PBXProject section */

/* Begin PBXResourcesBuildPhase section */
		137963BC255BC01F0036D75F /* Resources */ = {
			isa = PBXResourcesBuildPhase;
			buildActionMask = 2147483647;
			files = (
				137963D1255BC0310036D75F /* LaunchScreen.storyboard in Resources */,
				137963CE255BC0310036D75F /* Assets.xcassets in Resources */,
				137963CC255BC01F0036D75F /* Main.storyboard in Resources */,
			);
			runOnlyForDeploymentPostprocessing = 0;
		};
		137963D7255BC0310036D75F /* Resources */ = {
			isa = PBXResourcesBuildPhase;
			buildActionMask = 2147483647;
			files = (
			);
			runOnlyForDeploymentPostprocessing = 0;
		};
		137963E2255BC0310036D75F /* Resources */ = {
			isa = PBXResourcesBuildPhase;
			buildActionMask = 2147483647;
			files = (
			);
			runOnlyForDeploymentPostprocessing = 0;
		};
/* End PBXResourcesBuildPhase section */

/* Begin PBXSourcesBuildPhase section */
		137963BA255BC01F0036D75F /* Sources */ = {
			isa = PBXSourcesBuildPhase;
			buildActionMask = 2147483647;
			files = (
				137963C9255BC01F0036D75F /* ViewController.m in Sources */,
				137963F8255BC1D40036D75F /* NotificationCenter.m in Sources */,
				137963C3255BC01F0036D75F /* AppDelegate.m in Sources */,
				137963D4255BC0310036D75F /* main.m in Sources */,
				137963C6255BC01F0036D75F /* SceneDelegate.m in Sources */,
			);
			runOnlyForDeploymentPostprocessing = 0;
		};
		137963D5255BC0310036D75F /* Sources */ = {
			isa = PBXSourcesBuildPhase;
			buildActionMask = 2147483647;
			files = (
				137963DE255BC0310036D75F /* NotificationTests.m in Sources */,
			);
			runOnlyForDeploymentPostprocessing = 0;
		};
		137963E0255BC0310036D75F /* Sources */ = {
			isa = PBXSourcesBuildPhase;
			buildActionMask = 2147483647;
			files = (
				137963E9255BC0310036D75F /* NotificationUITests.m in Sources */,
			);
			runOnlyForDeploymentPostprocessing = 0;
		};
/* End PBXSourcesBuildPhase section */

/* Begin PBXTargetDependency section */
		137963DB255BC0310036D75F /* PBXTargetDependency */ = {
			isa = PBXTargetDependency;
			target = 137963BD255BC01F0036D75F /* Notification */;
			targetProxy = 137963DA255BC0310036D75F /* PBXContainerItemProxy */;
		};
		137963E6255BC0310036D75F /* PBXTargetDependency */ = {
			isa = PBXTargetDependency;
			target = 137963BD255BC01F0036D75F /* Notification */;
			targetProxy = 137963E5255BC0310036D75F /* PBXContainerItemProxy */;
		};
/* End PBXTargetDependency section */

/* Begin PBXVariantGroup section */
		137963CA255BC01F0036D75F /* Main.storyboard */ = {
			isa = PBXVariantGroup;
			children = (
				137963CB255BC01F0036D75F /* Base */,
			);
			name = Main.storyboard;
			sourceTree = "<group>";
		};
		137963CF255BC0310036D75F /* LaunchScreen.storyboard */ = {
			isa = PBXVariantGroup;
			children = (
				137963D0255BC0310036D75F /* Base */,
			);
			name = LaunchScreen.storyboard;
			sourceTree = "<group>";
		};
/* End PBXVariantGroup section */

/* Begin XCBuildConfiguration section */
		137963EB255BC0310036D75F /* Debug */ = {
			isa = XCBuildConfiguration;
			buildSettings = {
				ALWAYS_SEARCH_USER_PATHS = NO;
				CLANG_ANALYZER_NONNULL = YES;
				CLANG_ANALYZER_NUMBER_OBJECT_CONVERSION = YES_AGGRESSIVE;
				CLANG_CXX_LANGUAGE_STANDARD = "gnu++14";
				CLANG_CXX_LIBRARY = "libc++";
				CLANG_ENABLE_MODULES = YES;
				CLANG_ENABLE_OBJC_ARC = YES;
				CLANG_ENABLE_OBJC_WEAK = YES;
				CLANG_WARN_BLOCK_CAPTURE_AUTORELEASING = YES;
				CLANG_WARN_BOOL_CONVERSION = YES;
				CLANG_WARN_COMMA = YES;
				CLANG_WARN_CONSTANT_CONVERSION = YES;
				CLANG_WARN_DEPRECATED_OBJC_IMPLEMENTATIONS = YES;
				CLANG_WARN_DIRECT_OBJC_ISA_USAGE = YES_ERROR;
				CLANG_WARN_DOCUMENTATION_COMMENTS = YES;
				CLANG_WARN_EMPTY_BODY = YES;
				CLANG_WARN_ENUM_CONVERSION = YES;
				CLANG_WARN_INFINITE_RECURSION = YES;
				CLANG_WARN_INT_CONVERSION = YES;
				CLANG_WARN_NON_LITERAL_NULL_CONVERSION = YES;
				CLANG_WARN_OBJC_IMPLICIT_RETAIN_SELF = YES;
				CLANG_WARN_OBJC_LITERAL_CONVERSION = YES;
				CLANG_WARN_OBJC_ROOT_CLASS = YES_ERROR;
				CLANG_WARN_RANGE_LOOP_ANALYSIS = YES;
				CLANG_WARN_STRICT_PROTOTYPES = YES;
				CLANG_WARN_SUSPICIOUS_MOVE = YES;
				CLANG_WARN_UNGUARDED_AVAILABILITY = YES_AGGRESSIVE;
				CLANG_WARN_UNREACHABLE_CODE = YES;
				CLANG_WARN__DUPLICATE_METHOD_MATCH = YES;
				COPY_PHASE_STRIP = NO;
				DEBUG_INFORMATION_FORMAT = dwarf;
				ENABLE_STRICT_OBJC_MSGSEND = YES;
				ENABLE_TESTABILITY = YES;
				GCC_C_LANGUAGE_STANDARD = gnu11;
				GCC_DYNAMIC_NO_PIC = NO;
				GCC_NO_COMMON_BLOCKS = YES;
				GCC_OPTIMIZATION_LEVEL = 0;
				GCC_PREPROCESSOR_DEFINITIONS = (
					"DEBUG=1",
					"$(inherited)",
				);
				GCC_WARN_64_TO_32_BIT_CONVERSION = YES;
				GCC_WARN_ABOUT_RETURN_TYPE = YES_ERROR;
				GCC_WARN_UNDECLARED_SELECTOR = YES;
				GCC_WARN_UNINITIALIZED_AUTOS = YES_AGGRESSIVE;
				GCC_WARN_UNUSED_FUNCTION = YES;
				GCC_WARN_UNUSED_VARIABLE = YES;
				IPHONEOS_DEPLOYMENT_TARGET = 13.6;
				MTL_ENABLE_DEBUG_INFO = INCLUDE_SOURCE;
				MTL_FAST_MATH = YES;
				ONLY_ACTIVE_ARCH = YES;
				SDKROOT = iphoneos;
			};
			name = Debug;
		};
		137963EC255BC0310036D75F /* Release */ = {
			isa = XCBuildConfiguration;
			buildSettings = {
				ALWAYS_SEARCH_USER_PATHS = NO;
				CLANG_ANALYZER_NONNULL = YES;
				CLANG_ANALYZER_NUMBER_OBJECT_CONVERSION = YES_AGGRESSIVE;
				CLANG_CXX_LANGUAGE_STANDARD = "gnu++14";
				CLANG_CXX_LIBRARY = "libc++";
				CLANG_ENABLE_MODULES = YES;
				CLANG_ENABLE_OBJC_ARC = YES;
				CLANG_ENABLE_OBJC_WEAK = YES;
				CLANG_WARN_BLOCK_CAPTURE_AUTORELEASING = YES;
				CLANG_WARN_BOOL_CONVERSION = YES;
				CLANG_WARN_COMMA = YES;
				CLANG_WARN_CONSTANT_CONVERSION = YES;
				CLANG_WARN_DEPRECATED_OBJC_IMPLEMENTATIONS = YES;
				CLANG_WARN_DIRECT_OBJC_ISA_USAGE = YES_ERROR;
				CLANG_WARN_DOCUMENTATION_COMMENTS = YES;
				CLANG_WARN_EMPTY_BODY = YES;
				CLANG_WARN_ENUM_CONVERSION = YES;
				CLANG_WARN_INFINITE_RECURSION = YES;
				CLANG_WARN_INT_CONVERSION = YES;
				CLANG_WARN_NON_LITERAL_NULL_CONVERSION = YES;
				CLANG_WARN_OBJC_IMPLICIT_RETAIN_SELF = YES;
				CLANG_WARN_OBJC_LITERAL_CONVERSION = YES;
				CLANG_WARN_OBJC_ROOT_CLASS = YES_ERROR;
				CLANG_WARN_RANGE_LOOP_ANALYSIS = YES;
				CLANG_WARN_STRICT_PROTOTYPES = YES;
				CLANG_WARN_SUSPICIOUS_MOVE = YES;
				CLANG_WARN_UNGUARDED_AVAILABILITY = YES_AGGRESSIVE;
				CLANG_WARN_UNREACHABLE_CODE = YES;
				CLANG_WARN__DUPLICATE_METHOD_MATCH = YES;
				COPY_PHASE_STRIP = NO;
				DEBUG_INFORMATION_FORMAT = "dwarf-with-dsym";
				ENABLE_NS_ASSERTIONS = NO;
				ENABLE_STRICT_OBJC_MSGSEND = YES;
				GCC_C_LANGUAGE_STANDARD = gnu11;
				GCC_NO_COMMON_BLOCKS = YES;
				GCC_WARN_64_TO_32_BIT_CONVERSION = YES;
				GCC_WARN_ABOUT_RETURN_TYPE = YES_ERROR;
				GCC_WARN_UNDECLARED_SELECTOR = YES;
				GCC_WARN_UNINITIALIZED_AUTOS = YES_AGGRESSIVE;
				GCC_WARN_UNUSED_FUNCTION = YES;
				GCC_WARN_UNUSED_VARIABLE = YES;
				IPHONEOS_DEPLOYMENT_TARGET = 13.6;
				MTL_ENABLE_DEBUG_INFO = NO;
				MTL_FAST_MATH = YES;
				SDKROOT = iphoneos;
				VALIDATE_PRODUCT = YES;
			};
			name = Release;
		};
		137963EE255BC0310036D75F /* Debug */ = {
			isa = XCBuildConfiguration;
			buildSettings = {
				ASSETCATALOG_COMPILER_APPICON_NAME = AppIcon;
				CODE_SIGN_STYLE = Automatic;
				INFOPLIST_FILE = Notification/Info.plist;
				LD_RUNPATH_SEARCH_PATHS = (
					"$(inherited)",
					"@executable_path/Frameworks",
				);
				PRODUCT_BUNDLE_IDENTIFIER = com.watermark.Notification;
				PRODUCT_NAME = "$(TARGET_NAME)";
				TARGETED_DEVICE_FAMILY = "1,2";
			};
			name = Debug;
		};
		137963EF255BC0310036D75F /* Release */ = {
			isa = XCBuildConfiguration;
			buildSettings = {
				ASSETCATALOG_COMPILER_APPICON_NAME = AppIcon;
				CODE_SIGN_STYLE = Automatic;
				INFOPLIST_FILE = Notification/Info.plist;
				LD_RUNPATH_SEARCH_PATHS = (
					"$(inherited)",
					"@executable_path/Frameworks",
				);
				PRODUCT_BUNDLE_IDENTIFIER = com.watermark.Notification;
				PRODUCT_NAME = "$(TARGET_NAME)";
				TARGETED_DEVICE_FAMILY = "1,2";
			};
			name = Release;
		};
		137963F1255BC0310036D75F /* Debug */ = {
			isa = XCBuildConfiguration;
			buildSettings = {
				BUNDLE_LOADER = "$(TEST_HOST)";
				CODE_SIGN_STYLE = Automatic;
				INFOPLIST_FILE = NotificationTests/Info.plist;
				IPHONEOS_DEPLOYMENT_TARGET = 13.6;
				LD_RUNPATH_SEARCH_PATHS = (
					"$(inherited)",
					"@executable_path/Frameworks",
					"@loader_path/Frameworks",
				);
				PRODUCT_BUNDLE_IDENTIFIER = com.watermark.NotificationTests;
				PRODUCT_NAME = "$(TARGET_NAME)";
				TARGETED_DEVICE_FAMILY = "1,2";
				TEST_HOST = "$(BUILT_PRODUCTS_DIR)/Notification.app/Notification";
			};
			name = Debug;
		};
		137963F2255BC0310036D75F /* Release */ = {
			isa = XCBuildConfiguration;
			buildSettings = {
				BUNDLE_LOADER = "$(TEST_HOST)";
				CODE_SIGN_STYLE = Automatic;
				INFOPLIST_FILE = NotificationTests/Info.plist;
				IPHONEOS_DEPLOYMENT_TARGET = 13.6;
				LD_RUNPATH_SEARCH_PATHS = (
					"$(inherited)",
					"@executable_path/Frameworks",
					"@loader_path/Frameworks",
				);
				PRODUCT_BUNDLE_IDENTIFIER = com.watermark.NotificationTests;
				PRODUCT_NAME = "$(TARGET_NAME)";
				TARGETED_DEVICE_FAMILY = "1,2";
				TEST_HOST = "$(BUILT_PRODUCTS_DIR)/Notification.app/Notification";
			};
			name = Release;
		};
		137963F4255BC0310036D75F /* Debug */ = {
			isa = XCBuildConfiguration;
			buildSettings = {
				CODE_SIGN_STYLE = Automatic;
				INFOPLIST_FILE = NotificationUITests/Info.plist;
				LD_RUNPATH_SEARCH_PATHS = (
					"$(inherited)",
					"@executable_path/Frameworks",
					"@loader_path/Frameworks",
				);
				PRODUCT_BUNDLE_IDENTIFIER = com.watermark.NotificationUITests;
				PRODUCT_NAME = "$(TARGET_NAME)";
				TARGETED_DEVICE_FAMILY = "1,2";
				TEST_TARGET_NAME = Notification;
			};
			name = Debug;
		};
		137963F5255BC0310036D75F /* Release */ = {
			isa = XCBuildConfiguration;
			buildSettings = {
				CODE_SIGN_STYLE = Automatic;
				INFOPLIST_FILE = NotificationUITests/Info.plist;
				LD_RUNPATH_SEARCH_PATHS = (
					"$(inherited)",
					"@executable_path/Frameworks",
					"@loader_path/Frameworks",
				);
				PRODUCT_BUNDLE_IDENTIFIER = com.watermark.NotificationUITests;
				PRODUCT_NAME = "$(TARGET_NAME)";
				TARGETED_DEVICE_FAMILY = "1,2";
				TEST_TARGET_NAME = Notification;
			};
			name = Release;
		};
/* End XCBuildConfiguration section */

/* Begin XCConfigurationList section */
		137963B9255BC01F0036D75F /* Build configuration list for PBXProject "Notification" */ = {
			isa = XCConfigurationList;
			buildConfigurations = (
				137963EB255BC0310036D75F /* Debug */,
				137963EC255BC0310036D75F /* Release */,
			);
			defaultConfigurationIsVisible = 0;
			defaultConfigurationName = Release;
		};
		137963ED255BC0310036D75F /* Build configuration list for PBXNativeTarget "Notification" */ = {
			isa = XCConfigurationList;
			buildConfigurations = (
				137963EE255BC0310036D75F /* Debug */,
				137963EF255BC0310036D75F /* Release */,
			);
			defaultConfigurationIsVisible = 0;
			defaultConfigurationName = Release;
		};
		137963F0255BC0310036D75F /* Build configuration list for PBXNativeTarget "NotificationTests" */ = {
			isa = XCConfigurationList;
			buildConfigurations = (
				137963F1255BC0310036D75F /* Debug */,
				137963F2255BC0310036D75F /* Release */,
			);
			defaultConfigurationIsVisible = 0;
			defaultConfigurationName = Release;
		};
		137963F3255BC0310036D75F /* Build configuration list for PBXNativeTarget "NotificationUITests" */ = {
			isa = XCConfigurationList;
			buildConfigurations = (
				137963F4255BC0310036D75F /* Debug */,
				137963F5255BC0310036D75F /* Release */,
			);
			defaultConfigurationIsVisible = 0;
			defaultConfigurationName = Release;
		};
/* End XCConfigurationList section */
	};
	rootObject = 137963B6255BC01F0036D75F /* Project object */;
}
